// !$*UTF8*$!
{
	archiveVersion = 1;
	classes = {
	};
	objectVersion = 46;
	objects = {

/* Begin PBXAggregateTarget section */
		718C07E417FA58F000511C87 /* UniversalLib */ = {
			isa = PBXAggregateTarget;
			buildConfigurationList = 718C07E517FA58F000511C87 /* Build configuration list for PBXAggregateTarget "UniversalLib" */;
			buildPhases = (
				718C07E817FA597900511C87 /* ShellScript */,
				718C07F117FA5B4E00511C87 /* CopyFiles */,
			);
			dependencies = (
			);
			name = UniversalLib;
			productName = UniversalLib;
		};
/* End PBXAggregateTarget section */

/* Begin PBXBuildFile section */
		7129C4A817F891BE006DAA7C /* StoreTests.m in Sources */ = {isa = PBXBuildFile; fileRef = 7129C4A717F891BE006DAA7C /* StoreTests.m */; };
		7145546A17FEF74B00A5B05B /* PredicateDateTests.m in Sources */ = {isa = PBXBuildFile; fileRef = 7145546917FEF74B00A5B05B /* PredicateDateTests.m */; };
		7145F69517F7767900B32A04 /* Foundation.framework in Frameworks */ = {isa = PBXBuildFile; fileRef = 7145F69417F7767900B32A04 /* Foundation.framework */; };
		7145F69A17F7767900B32A04 /* EasyStore.h in CopyFiles */ = {isa = PBXBuildFile; fileRef = 7145F69917F7767900B32A04 /* EasyStore.h */; };
		7145F69C17F7767900B32A04 /* EasyStore.m in Sources */ = {isa = PBXBuildFile; fileRef = 7145F69B17F7767900B32A04 /* EasyStore.m */; };
		7145F6A317F7767900B32A04 /* XCTest.framework in Frameworks */ = {isa = PBXBuildFile; fileRef = 7145F6A217F7767900B32A04 /* XCTest.framework */; };
		7145F6A417F7767900B32A04 /* Foundation.framework in Frameworks */ = {isa = PBXBuildFile; fileRef = 7145F69417F7767900B32A04 /* Foundation.framework */; };
		7145F6A617F7767900B32A04 /* UIKit.framework in Frameworks */ = {isa = PBXBuildFile; fileRef = 7145F6A517F7767900B32A04 /* UIKit.framework */; };
		7145F6A917F7767900B32A04 /* libEasyStore.a in Frameworks */ = {isa = PBXBuildFile; fileRef = 7145F69117F7767900B32A04 /* libEasyStore.a */; };
		7145F6AF17F7767900B32A04 /* InfoPlist.strings in Resources */ = {isa = PBXBuildFile; fileRef = 7145F6AD17F7767900B32A04 /* InfoPlist.strings */; };
		7145F6B117F7767900B32A04 /* CreateTests.m in Sources */ = {isa = PBXBuildFile; fileRef = 7145F6B017F7767900B32A04 /* CreateTests.m */; };
		7145F6BD17F7782D00B32A04 /* EasyTable.m in Sources */ = {isa = PBXBuildFile; fileRef = 7145F6BC17F7782D00B32A04 /* EasyTable.m */; };
		7145F6C017F7785300B32A04 /* EasyColumn.m in Sources */ = {isa = PBXBuildFile; fileRef = 7145F6BF17F7785300B32A04 /* EasyColumn.m */; };
		7145F6C317F77AA200B32A04 /* libsqlite3.dylib in Frameworks */ = {isa = PBXBuildFile; fileRef = 7145F6C217F77AA200B32A04 /* libsqlite3.dylib */; };
		7145F6C417F7838300B32A04 /* libsqlite3.dylib in Frameworks */ = {isa = PBXBuildFile; fileRef = 7145F6C217F77AA200B32A04 /* libsqlite3.dylib */; };
		7145F6C717F8799600B32A04 /* Utility.m in Sources */ = {isa = PBXBuildFile; fileRef = 7145F6C617F8799600B32A04 /* Utility.m */; };
		71462CA217FE53BD00B8E5F3 /* UpdateTests.m in Sources */ = {isa = PBXBuildFile; fileRef = 71462CA117FE53BD00B8E5F3 /* UpdateTests.m */; };
		71462CA417FE618F00B8E5F3 /* PredicateBooleanTests.m in Sources */ = {isa = PBXBuildFile; fileRef = 71462CA317FE618F00B8E5F3 /* PredicateBooleanTests.m */; };
		71462CA617FE715500B8E5F3 /* RawQueryTests.m in Sources */ = {isa = PBXBuildFile; fileRef = 71462CA517FE715500B8E5F3 /* RawQueryTests.m */; };
		7146ECD417FC4816002C70BF /* PredicateTests.m in Sources */ = {isa = PBXBuildFile; fileRef = 7146ECD317FC4816002C70BF /* PredicateTests.m */; };
		714702B217FCF68100E2017F /* TestPredicateOrder.m in Sources */ = {isa = PBXBuildFile; fileRef = 714702B117FCF68100E2017F /* TestPredicateOrder.m */; };
		718C079B17FA4F2400511C87 /* PredicateNumberTests.m in Sources */ = {isa = PBXBuildFile; fileRef = 718C079A17FA4F2400511C87 /* PredicateNumberTests.m */; };
		718C07EB17FA5AED00511C87 /* EasyTable.h in CopyFiles */ = {isa = PBXBuildFile; fileRef = 7145F6BB17F7782D00B32A04 /* EasyTable.h */; };
		718C07EC17FA5AED00511C87 /* EasyColumn.h in CopyFiles */ = {isa = PBXBuildFile; fileRef = 7145F6BE17F7785300B32A04 /* EasyColumn.h */; };
		718C07ED17FA5AED00511C87 /* EasyEntry.h in CopyFiles */ = {isa = PBXBuildFile; fileRef = 71960BA017F8D76700513369 /* EasyEntry.h */; };
		718C07EE17FA5AED00511C87 /* EasyPredicate.h in CopyFiles */ = {isa = PBXBuildFile; fileRef = 71960BA917F90D5C00513369 /* EasyPredicate.h */; };
		718C07EF17FA5AED00511C87 /* EasyConstants.h in CopyFiles */ = {isa = PBXBuildFile; fileRef = 7145F6C117F7789C00B32A04 /* EasyConstants.h */; };
		718C07F017FA5AED00511C87 /* Utility.h in CopyFiles */ = {isa = PBXBuildFile; fileRef = 7145F6C517F8799600B32A04 /* Utility.h */; };
		718C07F217FA5B6F00511C87 /* EasyTable.h in CopyFiles */ = {isa = PBXBuildFile; fileRef = 7145F6BB17F7782D00B32A04 /* EasyTable.h */; };
		718C07F317FA5B6F00511C87 /* EasyColumn.h in CopyFiles */ = {isa = PBXBuildFile; fileRef = 7145F6BE17F7785300B32A04 /* EasyColumn.h */; };
		718C07F417FA5B6F00511C87 /* EasyEntry.h in CopyFiles */ = {isa = PBXBuildFile; fileRef = 71960BA017F8D76700513369 /* EasyEntry.h */; };
		718C07F517FA5B6F00511C87 /* EasyPredicate.h in CopyFiles */ = {isa = PBXBuildFile; fileRef = 71960BA917F90D5C00513369 /* EasyPredicate.h */; };
		718C07F617FA5B6F00511C87 /* EasyStore.h in CopyFiles */ = {isa = PBXBuildFile; fileRef = 7145F69917F7767900B32A04 /* EasyStore.h */; };
		718C07F717FA5B6F00511C87 /* EasyConstants.h in CopyFiles */ = {isa = PBXBuildFile; fileRef = 7145F6C117F7789C00B32A04 /* EasyConstants.h */; };
		718C07F817FA5B6F00511C87 /* Utility.h in CopyFiles */ = {isa = PBXBuildFile; fileRef = 7145F6C517F8799600B32A04 /* Utility.h */; };
		71960BA217F8D76700513369 /* EasyEntry.m in Sources */ = {isa = PBXBuildFile; fileRef = 71960BA117F8D76700513369 /* EasyEntry.m */; };
		71960BA417F8F0DB00513369 /* DeleteTests.m in Sources */ = {isa = PBXBuildFile; fileRef = 71960BA317F8F0DB00513369 /* DeleteTests.m */; };
		71960BA617F8F37000513369 /* SelectTests.m in Sources */ = {isa = PBXBuildFile; fileRef = 71960BA517F8F37000513369 /* SelectTests.m */; };
		71960BA817F8FA4700513369 /* UtilityTests.m in Sources */ = {isa = PBXBuildFile; fileRef = 71960BA717F8FA4700513369 /* UtilityTests.m */; };
		71960BAB17F90D5C00513369 /* EasyPredicate.m in Sources */ = {isa = PBXBuildFile; fileRef = 71960BAA17F90D5C00513369 /* EasyPredicate.m */; };
		71960BAD17F9215300513369 /* PredicateStringTests.m in Sources */ = {isa = PBXBuildFile; fileRef = 71960BAC17F9215300513369 /* PredicateStringTests.m */; };
/* End PBXBuildFile section */

/* Begin PBXContainerItemProxy section */
		7145F6A717F7767900B32A04 /* PBXContainerItemProxy */ = {
			isa = PBXContainerItemProxy;
			containerPortal = 7145F68917F7767900B32A04 /* Project object */;
			proxyType = 1;
			remoteGlobalIDString = 7145F69017F7767900B32A04;
			remoteInfo = EasyStore;
		};
/* End PBXContainerItemProxy section */

/* Begin PBXCopyFilesBuildPhase section */
		7145F68F17F7767900B32A04 /* CopyFiles */ = {
			isa = PBXCopyFilesBuildPhase;
			buildActionMask = 2147483647;
			dstPath = "include/${PRODUCT_NAME}";
			dstSubfolderSpec = 16;
			files = (
				718C07EB17FA5AED00511C87 /* EasyTable.h in CopyFiles */,
				718C07EC17FA5AED00511C87 /* EasyColumn.h in CopyFiles */,
				718C07ED17FA5AED00511C87 /* EasyEntry.h in CopyFiles */,
				718C07EE17FA5AED00511C87 /* EasyPredicate.h in CopyFiles */,
				718C07EF17FA5AED00511C87 /* EasyConstants.h in CopyFiles */,
				718C07F017FA5AED00511C87 /* Utility.h in CopyFiles */,
				7145F69A17F7767900B32A04 /* EasyStore.h in CopyFiles */,
			);
			runOnlyForDeploymentPostprocessing = 0;
		};
		718C07F117FA5B4E00511C87 /* CopyFiles */ = {
			isa = PBXCopyFilesBuildPhase;
			buildActionMask = 2147483647;
			dstPath = "include/${PRODUCT_NAME}";
			dstSubfolderSpec = 16;
			files = (
				718C07F217FA5B6F00511C87 /* EasyTable.h in CopyFiles */,
				718C07F317FA5B6F00511C87 /* EasyColumn.h in CopyFiles */,
				718C07F417FA5B6F00511C87 /* EasyEntry.h in CopyFiles */,
				718C07F517FA5B6F00511C87 /* EasyPredicate.h in CopyFiles */,
				718C07F617FA5B6F00511C87 /* EasyStore.h in CopyFiles */,
				718C07F717FA5B6F00511C87 /* EasyConstants.h in CopyFiles */,
				718C07F817FA5B6F00511C87 /* Utility.h in CopyFiles */,
			);
			runOnlyForDeploymentPostprocessing = 0;
		};
/* End PBXCopyFilesBuildPhase section */

/* Begin PBXFileReference section */
		7129C4A717F891BE006DAA7C /* StoreTests.m */ = {isa = PBXFileReference; fileEncoding = 4; lastKnownFileType = sourcecode.c.objc; path = StoreTests.m; sourceTree = "<group>"; };
		7145546917FEF74B00A5B05B /* PredicateDateTests.m */ = {isa = PBXFileReference; fileEncoding = 4; lastKnownFileType = sourcecode.c.objc; path = PredicateDateTests.m; sourceTree = "<group>"; };
		7145F69117F7767900B32A04 /* libEasyStore.a */ = {isa = PBXFileReference; explicitFileType = archive.ar; includeInIndex = 0; path = libEasyStore.a; sourceTree = BUILT_PRODUCTS_DIR; };
		7145F69417F7767900B32A04 /* Foundation.framework */ = {isa = PBXFileReference; lastKnownFileType = wrapper.framework; name = Foundation.framework; path = System/Library/Frameworks/Foundation.framework; sourceTree = SDKROOT; };
		7145F69817F7767900B32A04 /* EasyStore-Prefix.pch */ = {isa = PBXFileReference; lastKnownFileType = sourcecode.c.h; path = "EasyStore-Prefix.pch"; sourceTree = "<group>"; };
		7145F69917F7767900B32A04 /* EasyStore.h */ = {isa = PBXFileReference; lastKnownFileType = sourcecode.c.h; path = EasyStore.h; sourceTree = "<group>"; };
		7145F69B17F7767900B32A04 /* EasyStore.m */ = {isa = PBXFileReference; lastKnownFileType = sourcecode.c.objc; path = EasyStore.m; sourceTree = "<group>"; };
		7145F6A117F7767900B32A04 /* EasyStoreTests.xctest */ = {isa = PBXFileReference; explicitFileType = wrapper.cfbundle; includeInIndex = 0; path = EasyStoreTests.xctest; sourceTree = BUILT_PRODUCTS_DIR; };
		7145F6A217F7767900B32A04 /* XCTest.framework */ = {isa = PBXFileReference; lastKnownFileType = wrapper.framework; name = XCTest.framework; path = Library/Frameworks/XCTest.framework; sourceTree = DEVELOPER_DIR; };
		7145F6A517F7767900B32A04 /* UIKit.framework */ = {isa = PBXFileReference; lastKnownFileType = wrapper.framework; name = UIKit.framework; path = Library/Frameworks/UIKit.framework; sourceTree = DEVELOPER_DIR; };
		7145F6AC17F7767900B32A04 /* EasyStoreTests-Info.plist */ = {isa = PBXFileReference; lastKnownFileType = text.plist.xml; path = "EasyStoreTests-Info.plist"; sourceTree = "<group>"; };
		7145F6AE17F7767900B32A04 /* en */ = {isa = PBXFileReference; lastKnownFileType = text.plist.strings; name = en; path = en.lproj/InfoPlist.strings; sourceTree = "<group>"; };
		7145F6B017F7767900B32A04 /* CreateTests.m */ = {isa = PBXFileReference; lastKnownFileType = sourcecode.c.objc; path = CreateTests.m; sourceTree = "<group>"; };
		7145F6BB17F7782D00B32A04 /* EasyTable.h */ = {isa = PBXFileReference; fileEncoding = 4; lastKnownFileType = sourcecode.c.h; path = EasyTable.h; sourceTree = "<group>"; };
		7145F6BC17F7782D00B32A04 /* EasyTable.m */ = {isa = PBXFileReference; fileEncoding = 4; lastKnownFileType = sourcecode.c.objc; path = EasyTable.m; sourceTree = "<group>"; };
		7145F6BE17F7785300B32A04 /* EasyColumn.h */ = {isa = PBXFileReference; fileEncoding = 4; lastKnownFileType = sourcecode.c.h; path = EasyColumn.h; sourceTree = "<group>"; };
		7145F6BF17F7785300B32A04 /* EasyColumn.m */ = {isa = PBXFileReference; fileEncoding = 4; lastKnownFileType = sourcecode.c.objc; path = EasyColumn.m; sourceTree = "<group>"; };
		7145F6C117F7789C00B32A04 /* EasyConstants.h */ = {isa = PBXFileReference; fileEncoding = 4; lastKnownFileType = sourcecode.c.h; path = EasyConstants.h; sourceTree = "<group>"; };
		7145F6C217F77AA200B32A04 /* libsqlite3.dylib */ = {isa = PBXFileReference; lastKnownFileType = "compiled.mach-o.dylib"; name = libsqlite3.dylib; path = usr/lib/libsqlite3.dylib; sourceTree = SDKROOT; };
		7145F6C517F8799600B32A04 /* Utility.h */ = {isa = PBXFileReference; fileEncoding = 4; lastKnownFileType = sourcecode.c.h; path = Utility.h; sourceTree = "<group>"; };
		7145F6C617F8799600B32A04 /* Utility.m */ = {isa = PBXFileReference; fileEncoding = 4; lastKnownFileType = sourcecode.c.objc; path = Utility.m; sourceTree = "<group>"; };
		71462CA117FE53BD00B8E5F3 /* UpdateTests.m */ = {isa = PBXFileReference; fileEncoding = 4; lastKnownFileType = sourcecode.c.objc; path = UpdateTests.m; sourceTree = "<group>"; };
		71462CA317FE618F00B8E5F3 /* PredicateBooleanTests.m */ = {isa = PBXFileReference; fileEncoding = 4; lastKnownFileType = sourcecode.c.objc; path = PredicateBooleanTests.m; sourceTree = "<group>"; };
		71462CA517FE715500B8E5F3 /* RawQueryTests.m */ = {isa = PBXFileReference; fileEncoding = 4; lastKnownFileType = sourcecode.c.objc; path = RawQueryTests.m; sourceTree = "<group>"; };
		7146ECD317FC4816002C70BF /* PredicateTests.m */ = {isa = PBXFileReference; fileEncoding = 4; lastKnownFileType = sourcecode.c.objc; path = PredicateTests.m; sourceTree = "<group>"; };
		714702B117FCF68100E2017F /* TestPredicateOrder.m */ = {isa = PBXFileReference; fileEncoding = 4; lastKnownFileType = sourcecode.c.objc; path = TestPredicateOrder.m; sourceTree = "<group>"; };
		718C079A17FA4F2400511C87 /* PredicateNumberTests.m */ = {isa = PBXFileReference; fileEncoding = 4; lastKnownFileType = sourcecode.c.objc; path = PredicateNumberTests.m; sourceTree = "<group>"; };
		71960BA017F8D76700513369 /* EasyEntry.h */ = {isa = PBXFileReference; fileEncoding = 4; lastKnownFileType = sourcecode.c.h; path = EasyEntry.h; sourceTree = "<group>"; };
		71960BA117F8D76700513369 /* EasyEntry.m */ = {isa = PBXFileReference; fileEncoding = 4; lastKnownFileType = sourcecode.c.objc; path = EasyEntry.m; sourceTree = "<group>"; };
		71960BA317F8F0DB00513369 /* DeleteTests.m */ = {isa = PBXFileReference; fileEncoding = 4; lastKnownFileType = sourcecode.c.objc; path = DeleteTests.m; sourceTree = "<group>"; };
		71960BA517F8F37000513369 /* SelectTests.m */ = {isa = PBXFileReference; fileEncoding = 4; lastKnownFileType = sourcecode.c.objc; path = SelectTests.m; sourceTree = "<group>"; };
		71960BA717F8FA4700513369 /* UtilityTests.m */ = {isa = PBXFileReference; fileEncoding = 4; lastKnownFileType = sourcecode.c.objc; path = UtilityTests.m; sourceTree = "<group>"; };
		71960BA917F90D5C00513369 /* EasyPredicate.h */ = {isa = PBXFileReference; fileEncoding = 4; lastKnownFileType = sourcecode.c.h; path = EasyPredicate.h; sourceTree = "<group>"; };
		71960BAA17F90D5C00513369 /* EasyPredicate.m */ = {isa = PBXFileReference; fileEncoding = 4; lastKnownFileType = sourcecode.c.objc; path = EasyPredicate.m; sourceTree = "<group>"; };
		71960BAC17F9215300513369 /* PredicateStringTests.m */ = {isa = PBXFileReference; fileEncoding = 4; lastKnownFileType = sourcecode.c.objc; path = PredicateStringTests.m; sourceTree = "<group>"; };
/* End PBXFileReference section */

/* Begin PBXFrameworksBuildPhase section */
		7145F68E17F7767900B32A04 /* Frameworks */ = {
			isa = PBXFrameworksBuildPhase;
			buildActionMask = 2147483647;
			files = (
				7145F6C317F77AA200B32A04 /* libsqlite3.dylib in Frameworks */,
				7145F69517F7767900B32A04 /* Foundation.framework in Frameworks */,
			);
			runOnlyForDeploymentPostprocessing = 0;
		};
		7145F69E17F7767900B32A04 /* Frameworks */ = {
			isa = PBXFrameworksBuildPhase;
			buildActionMask = 2147483647;
			files = (
				7145F6C417F7838300B32A04 /* libsqlite3.dylib in Frameworks */,
				7145F6A317F7767900B32A04 /* XCTest.framework in Frameworks */,
				7145F6A617F7767900B32A04 /* UIKit.framework in Frameworks */,
				7145F6A417F7767900B32A04 /* Foundation.framework in Frameworks */,
				7145F6A917F7767900B32A04 /* libEasyStore.a in Frameworks */,
			);
			runOnlyForDeploymentPostprocessing = 0;
		};
/* End PBXFrameworksBuildPhase section */

/* Begin PBXGroup section */
		7145F68817F7767900B32A04 = {
			isa = PBXGroup;
			children = (
				7145F69617F7767900B32A04 /* EasyStore */,
				7145F6AA17F7767900B32A04 /* EasyStoreTests */,
				7145F69317F7767900B32A04 /* Frameworks */,
				7145F69217F7767900B32A04 /* Products */,
			);
			sourceTree = "<group>";
		};
		7145F69217F7767900B32A04 /* Products */ = {
			isa = PBXGroup;
			children = (
				7145F69117F7767900B32A04 /* libEasyStore.a */,
				7145F6A117F7767900B32A04 /* EasyStoreTests.xctest */,
			);
			name = Products;
			sourceTree = "<group>";
		};
		7145F69317F7767900B32A04 /* Frameworks */ = {
			isa = PBXGroup;
			children = (
				7145F6C217F77AA200B32A04 /* libsqlite3.dylib */,
				7145F69417F7767900B32A04 /* Foundation.framework */,
				7145F6A217F7767900B32A04 /* XCTest.framework */,
				7145F6A517F7767900B32A04 /* UIKit.framework */,
			);
			name = Frameworks;
			sourceTree = "<group>";
		};
		7145F69617F7767900B32A04 /* EasyStore */ = {
			isa = PBXGroup;
			children = (
				7145F6BA17F776DE00B32A04 /* Classes */,
				7145F69917F7767900B32A04 /* EasyStore.h */,
				7145F69B17F7767900B32A04 /* EasyStore.m */,
				7145F6C117F7789C00B32A04 /* EasyConstants.h */,
				7145F6C517F8799600B32A04 /* Utility.h */,
				7145F6C617F8799600B32A04 /* Utility.m */,
				7145F69717F7767900B32A04 /* Supporting Files */,
			);
			path = EasyStore;
			sourceTree = "<group>";
		};
		7145F69717F7767900B32A04 /* Supporting Files */ = {
			isa = PBXGroup;
			children = (
				7145F69817F7767900B32A04 /* EasyStore-Prefix.pch */,
			);
			name = "Supporting Files";
			sourceTree = "<group>";
		};
		7145F6AA17F7767900B32A04 /* EasyStoreTests */ = {
			isa = PBXGroup;
			children = (
				7145F6B017F7767900B32A04 /* CreateTests.m */,
				71960BA317F8F0DB00513369 /* DeleteTests.m */,
				71462CA317FE618F00B8E5F3 /* PredicateBooleanTests.m */,
				7145546917FEF74B00A5B05B /* PredicateDateTests.m */,
				718C079A17FA4F2400511C87 /* PredicateNumberTests.m */,
				71960BAC17F9215300513369 /* PredicateStringTests.m */,
				7146ECD317FC4816002C70BF /* PredicateTests.m */,
				71462CA517FE715500B8E5F3 /* RawQueryTests.m */,
				7129C4A717F891BE006DAA7C /* StoreTests.m */,
				71960BA517F8F37000513369 /* SelectTests.m */,
				714702B117FCF68100E2017F /* TestPredicateOrder.m */,
				71462CA117FE53BD00B8E5F3 /* UpdateTests.m */,
				71960BA717F8FA4700513369 /* UtilityTests.m */,
				7145F6AB17F7767900B32A04 /* Supporting Files */,
			);
			path = EasyStoreTests;
			sourceTree = "<group>";
		};
		7145F6AB17F7767900B32A04 /* Supporting Files */ = {
			isa = PBXGroup;
			children = (
				7145F6AC17F7767900B32A04 /* EasyStoreTests-Info.plist */,
				7145F6AD17F7767900B32A04 /* InfoPlist.strings */,
			);
			name = "Supporting Files";
			sourceTree = "<group>";
		};
		7145F6BA17F776DE00B32A04 /* Classes */ = {
			isa = PBXGroup;
			children = (
				7145F6BB17F7782D00B32A04 /* EasyTable.h */,
				7145F6BC17F7782D00B32A04 /* EasyTable.m */,
				7145F6BE17F7785300B32A04 /* EasyColumn.h */,
				7145F6BF17F7785300B32A04 /* EasyColumn.m */,
				71960BA017F8D76700513369 /* EasyEntry.h */,
				71960BA117F8D76700513369 /* EasyEntry.m */,
				71960BA917F90D5C00513369 /* EasyPredicate.h */,
				71960BAA17F90D5C00513369 /* EasyPredicate.m */,
			);
			name = Classes;
			sourceTree = "<group>";
		};
/* End PBXGroup section */

/* Begin PBXNativeTarget section */
		7145F69017F7767900B32A04 /* EasyStore */ = {
			isa = PBXNativeTarget;
			buildConfigurationList = 7145F6B417F7767900B32A04 /* Build configuration list for PBXNativeTarget "EasyStore" */;
			buildPhases = (
				7145F68D17F7767900B32A04 /* Sources */,
				7145F68E17F7767900B32A04 /* Frameworks */,
				7145F68F17F7767900B32A04 /* CopyFiles */,
			);
			buildRules = (
			);
			dependencies = (
			);
			name = EasyStore;
			productName = EasyStore;
			productReference = 7145F69117F7767900B32A04 /* libEasyStore.a */;
			productType = "com.apple.product-type.library.static";
		};
		7145F6A017F7767900B32A04 /* EasyStoreTests */ = {
			isa = PBXNativeTarget;
			buildConfigurationList = 7145F6B717F7767900B32A04 /* Build configuration list for PBXNativeTarget "EasyStoreTests" */;
			buildPhases = (
				7145F69D17F7767900B32A04 /* Sources */,
				7145F69E17F7767900B32A04 /* Frameworks */,
				7145F69F17F7767900B32A04 /* Resources */,
			);
			buildRules = (
			);
			dependencies = (
				7145F6A817F7767900B32A04 /* PBXTargetDependency */,
			);
			name = EasyStoreTests;
			productName = EasyStoreTests;
			productReference = 7145F6A117F7767900B32A04 /* EasyStoreTests.xctest */;
			productType = "com.apple.product-type.bundle.unit-test";
		};
/* End PBXNativeTarget section */

/* Begin PBXProject section */
		7145F68917F7767900B32A04 /* Project object */ = {
			isa = PBXProject;
			attributes = {
				LastUpgradeCheck = 0500;
				ORGANIZATIONNAME = "Jeremy Nortey";
			};
			buildConfigurationList = 7145F68C17F7767900B32A04 /* Build configuration list for PBXProject "EasyStore" */;
			compatibilityVersion = "Xcode 3.2";
			developmentRegion = English;
			hasScannedForEncodings = 0;
			knownRegions = (
				en,
			);
			mainGroup = 7145F68817F7767900B32A04;
			productRefGroup = 7145F69217F7767900B32A04 /* Products */;
			projectDirPath = "";
			projectRoot = "";
			targets = (
				7145F69017F7767900B32A04 /* EasyStore */,
				7145F6A017F7767900B32A04 /* EasyStoreTests */,
				718C07E417FA58F000511C87 /* UniversalLib */,
			);
		};
/* End PBXProject section */

/* Begin PBXResourcesBuildPhase section */
		7145F69F17F7767900B32A04 /* Resources */ = {
			isa = PBXResourcesBuildPhase;
			buildActionMask = 2147483647;
			files = (
				7145F6AF17F7767900B32A04 /* InfoPlist.strings in Resources */,
			);
			runOnlyForDeploymentPostprocessing = 0;
		};
/* End PBXResourcesBuildPhase section */

/* Begin PBXShellScriptBuildPhase section */
		718C07E817FA597900511C87 /* ShellScript */ = {
			isa = PBXShellScriptBuildPhase;
			buildActionMask = 2147483647;
			files = (
			);
			inputPaths = (
			);
			outputPaths = (
			);
			runOnlyForDeploymentPostprocessing = 0;
			shellPath = /bin/sh;
			shellScript = "# define output folder environment variable\nUNIVERSAL_OUTPUTFOLDER=${BUILD_DIR}/${CONFIGURATION}-universal\n\n# Step 1. Build Device and Simulator versions\nxcodebuild -target EasyStore ONLY_ACTIVE_ARCH=NO -configuration ${CONFIGURATION} -sdk iphoneos  BUILD_DIR=\"${BUILD_DIR}\" BUILD_ROOT=\"${BUILD_ROOT}\"\nxcodebuild -target EasyStore -configuration ${CONFIGURATION} -sdk iphonesimulator -arch i386 BUILD_DIR=\"${BUILD_DIR}\" BUILD_ROOT=\"${BUILD_ROOT}\"\n\n# make sure the output directory exists\nmkdir -p \"${UNIVERSAL_OUTPUTFOLDER}\"\n\n# Step 2. Create universal binary file using lipo\nlipo -create -output \"${UNIVERSAL_OUTPUTFOLDER}/lib${PROJECT_NAME}.a\" \"${BUILD_DIR}/${CONFIGURATION}-iphoneos/lib${PROJECT_NAME}.a\" \"${BUILD_DIR}/${CONFIGURATION}-iphonesimulator/lib${PROJECT_NAME}.a\"\n\n# Last touch. copy the header files. Just for convenience\ncp -R \"${BUILD_DIR}/${CONFIGURATION}-iphoneos/include\" \"${UNIVERSAL_OUTPUTFOLDER}/\"";
		};
/* End PBXShellScriptBuildPhase section */

/* Begin PBXSourcesBuildPhase section */
		7145F68D17F7767900B32A04 /* Sources */ = {
			isa = PBXSourcesBuildPhase;
			buildActionMask = 2147483647;
			files = (
				7145F6C717F8799600B32A04 /* Utility.m in Sources */,
				71960BA217F8D76700513369 /* EasyEntry.m in Sources */,
				7145F6BD17F7782D00B32A04 /* EasyTable.m in Sources */,
				71960BAB17F90D5C00513369 /* EasyPredicate.m in Sources */,
				7145F69C17F7767900B32A04 /* EasyStore.m in Sources */,
				7145F6C017F7785300B32A04 /* EasyColumn.m in Sources */,
			);
			runOnlyForDeploymentPostprocessing = 0;
		};
		7145F69D17F7767900B32A04 /* Sources */ = {
			isa = PBXSourcesBuildPhase;
			buildActionMask = 2147483647;
			files = (
				71462CA217FE53BD00B8E5F3 /* UpdateTests.m in Sources */,
				71462CA617FE715500B8E5F3 /* RawQueryTests.m in Sources */,
				7145F6B117F7767900B32A04 /* CreateTests.m in Sources */,
				714702B217FCF68100E2017F /* TestPredicateOrder.m in Sources */,
				71960BAD17F9215300513369 /* PredicateStringTests.m in Sources */,
				71462CA417FE618F00B8E5F3 /* PredicateBooleanTests.m in Sources */,
				718C079B17FA4F2400511C87 /* PredicateNumberTests.m in Sources */,
				7129C4A817F891BE006DAA7C /* StoreTests.m in Sources */,
				71960BA417F8F0DB00513369 /* DeleteTests.m in Sources */,
				71960BA617F8F37000513369 /* SelectTests.m in Sources */,
				71960BA817F8FA4700513369 /* UtilityTests.m in Sources */,
				7146ECD417FC4816002C70BF /* PredicateTests.m in Sources */,
				7145546A17FEF74B00A5B05B /* PredicateDateTests.m in Sources */,
			);
			runOnlyForDeploymentPostprocessing = 0;
		};
/* End PBXSourcesBuildPhase section */

/* Begin PBXTargetDependency section */
		7145F6A817F7767900B32A04 /* PBXTargetDependency */ = {
			isa = PBXTargetDependency;
			target = 7145F69017F7767900B32A04 /* EasyStore */;
			targetProxy = 7145F6A717F7767900B32A04 /* PBXContainerItemProxy */;
		};
/* End PBXTargetDependency section */

/* Begin PBXVariantGroup section */
		7145F6AD17F7767900B32A04 /* InfoPlist.strings */ = {
			isa = PBXVariantGroup;
			children = (
				7145F6AE17F7767900B32A04 /* en */,
			);
			name = InfoPlist.strings;
			sourceTree = "<group>";
		};
/* End PBXVariantGroup section */

/* Begin XCBuildConfiguration section */
		7145F6B217F7767900B32A04 /* Debug */ = {
			isa = XCBuildConfiguration;
			buildSettings = {
				ALWAYS_SEARCH_USER_PATHS = NO;
				ARCHS = "$(ARCHS_STANDARD_INCLUDING_64_BIT)";
				CLANG_CXX_LANGUAGE_STANDARD = "gnu++0x";
				CLANG_CXX_LIBRARY = "libc++";
				CLANG_ENABLE_MODULES = YES;
				CLANG_ENABLE_OBJC_ARC = YES;
				CLANG_WARN_BOOL_CONVERSION = YES;
				CLANG_WARN_CONSTANT_CONVERSION = YES;
				CLANG_WARN_DIRECT_OBJC_ISA_USAGE = YES_ERROR;
				CLANG_WARN_EMPTY_BODY = YES;
				CLANG_WARN_ENUM_CONVERSION = YES;
				CLANG_WARN_INT_CONVERSION = YES;
				CLANG_WARN_OBJC_ROOT_CLASS = YES_ERROR;
				CLANG_WARN__DUPLICATE_METHOD_MATCH = YES;
				COPY_PHASE_STRIP = NO;
				GCC_C_LANGUAGE_STANDARD = gnu99;
				GCC_DYNAMIC_NO_PIC = NO;
				GCC_OPTIMIZATION_LEVEL = 0;
				GCC_PREPROCESSOR_DEFINITIONS = (
					"DEBUG=1",
					"$(inherited)",
				);
				GCC_SYMBOLS_PRIVATE_EXTERN = NO;
				GCC_WARN_64_TO_32_BIT_CONVERSION = YES;
				GCC_WARN_ABOUT_RETURN_TYPE = YES_ERROR;
				GCC_WARN_UNDECLARED_SELECTOR = YES;
				GCC_WARN_UNINITIALIZED_AUTOS = YES;
				GCC_WARN_UNUSED_FUNCTION = YES;
				GCC_WARN_UNUSED_VARIABLE = YES;
				IPHONEOS_DEPLOYMENT_TARGET = 7.0;
				ONLY_ACTIVE_ARCH = YES;
				SDKROOT = iphoneos;
			};
			name = Debug;
		};
		7145F6B317F7767900B32A04 /* Release */ = {
			isa = XCBuildConfiguration;
			buildSettings = {
				ALWAYS_SEARCH_USER_PATHS = NO;
				ARCHS = "$(ARCHS_STANDARD_INCLUDING_64_BIT)";
				CLANG_CXX_LANGUAGE_STANDARD = "gnu++0x";
				CLANG_CXX_LIBRARY = "libc++";
				CLANG_ENABLE_MODULES = YES;
				CLANG_ENABLE_OBJC_ARC = YES;
				CLANG_WARN_BOOL_CONVERSION = YES;
				CLANG_WARN_CONSTANT_CONVERSION = YES;
				CLANG_WARN_DIRECT_OBJC_ISA_USAGE = YES_ERROR;
				CLANG_WARN_EMPTY_BODY = YES;
				CLANG_WARN_ENUM_CONVERSION = YES;
				CLANG_WARN_INT_CONVERSION = YES;
				CLANG_WARN_OBJC_ROOT_CLASS = YES_ERROR;
				CLANG_WARN__DUPLICATE_METHOD_MATCH = YES;
				COPY_PHASE_STRIP = YES;
				ENABLE_NS_ASSERTIONS = NO;
				GCC_C_LANGUAGE_STANDARD = gnu99;
				GCC_WARN_64_TO_32_BIT_CONVERSION = YES;
				GCC_WARN_ABOUT_RETURN_TYPE = YES_ERROR;
				GCC_WARN_UNDECLARED_SELECTOR = YES;
				GCC_WARN_UNINITIALIZED_AUTOS = YES;
				GCC_WARN_UNUSED_FUNCTION = YES;
				GCC_WARN_UNUSED_VARIABLE = YES;
				IPHONEOS_DEPLOYMENT_TARGET = 7.0;
				SDKROOT = iphoneos;
				VALIDATE_PRODUCT = YES;
			};
			name = Release;
		};
		7145F6B517F7767900B32A04 /* Debug */ = {
			isa = XCBuildConfiguration;
			buildSettings = {
				DSTROOT = /tmp/EasyStore.dst;
				GCC_PRECOMPILE_PREFIX_HEADER = YES;
				GCC_PREFIX_HEADER = "EasyStore/EasyStore-Prefix.pch";
				OTHER_LDFLAGS = "-ObjC";
				PRODUCT_NAME = "$(TARGET_NAME)";
				SKIP_INSTALL = YES;
			};
			name = Debug;
		};
		7145F6B617F7767900B32A04 /* Release */ = {
			isa = XCBuildConfiguration;
			buildSettings = {
				DSTROOT = /tmp/EasyStore.dst;
				GCC_PRECOMPILE_PREFIX_HEADER = YES;
				GCC_PREFIX_HEADER = "EasyStore/EasyStore-Prefix.pch";
				OTHER_LDFLAGS = "-ObjC";
				PRODUCT_NAME = "$(TARGET_NAME)";
				SKIP_INSTALL = YES;
			};
			name = Release;
		};
		7145F6B817F7767900B32A04 /* Debug */ = {
			isa = XCBuildConfiguration;
			buildSettings = {
				ARCHS = "$(ARCHS_STANDARD_INCLUDING_64_BIT)";
				FRAMEWORK_SEARCH_PATHS = (
					"$(SDKROOT)/Developer/Library/Frameworks",
					"$(inherited)",
					"$(DEVELOPER_FRAMEWORKS_DIR)",
				);
				GCC_PRECOMPILE_PREFIX_HEADER = YES;
				GCC_PREFIX_HEADER = "EasyStore/EasyStore-Prefix.pch";
				GCC_PREPROCESSOR_DEFINITIONS = (
					"DEBUG=1",
					"$(inherited)",
				);
				INFOPLIST_FILE = "EasyStoreTests/EasyStoreTests-Info.plist";
				PRODUCT_NAME = "$(TARGET_NAME)";
				WRAPPER_EXTENSION = xctest;
			};
			name = Debug;
		};
		7145F6B917F7767900B32A04 /* Release */ = {
			isa = XCBuildConfiguration;
			buildSettings = {
				ARCHS = "$(ARCHS_STANDARD_INCLUDING_64_BIT)";
				FRAMEWORK_SEARCH_PATHS = (
					"$(SDKROOT)/Developer/Library/Frameworks",
					"$(inherited)",
					"$(DEVELOPER_FRAMEWORKS_DIR)",
				);
				GCC_PRECOMPILE_PREFIX_HEADER = YES;
				GCC_PREFIX_HEADER = "EasyStore/EasyStore-Prefix.pch";
				INFOPLIST_FILE = "EasyStoreTests/EasyStoreTests-Info.plist";
				PRODUCT_NAME = "$(TARGET_NAME)";
				WRAPPER_EXTENSION = xctest;
			};
			name = Release;
		};
		718C07E617FA58F000511C87 /* Debug */ = {
			isa = XCBuildConfiguration;
			buildSettings = {
				PRODUCT_NAME = "$(TARGET_NAME)";
			};
			name = Debug;
		};
		718C07E717FA58F000511C87 /* Release */ = {
			isa = XCBuildConfiguration;
			buildSettings = {
				PRODUCT_NAME = "$(TARGET_NAME)";
			};
			name = Release;
		};
/* End XCBuildConfiguration section */

/* Begin XCConfigurationList section */
		7145F68C17F7767900B32A04 /* Build configuration list for PBXProject "EasyStore" */ = {
			isa = XCConfigurationList;
			buildConfigurations = (
				7145F6B217F7767900B32A04 /* Debug */,
				7145F6B317F7767900B32A04 /* Release */,
			);
			defaultConfigurationIsVisible = 0;
			defaultConfigurationName = Release;
		};
		7145F6B417F7767900B32A04 /* Build configuration list for PBXNativeTarget "EasyStore" */ = {
			isa = XCConfigurationList;
			buildConfigurations = (
				7145F6B517F7767900B32A04 /* Debug */,
				7145F6B617F7767900B32A04 /* Release */,
			);
			defaultConfigurationIsVisible = 0;
			defaultConfigurationName = Release;
		};
		7145F6B717F7767900B32A04 /* Build configuration list for PBXNativeTarget "EasyStoreTests" */ = {
			isa = XCConfigurationList;
			buildConfigurations = (
				7145F6B817F7767900B32A04 /* Debug */,
				7145F6B917F7767900B32A04 /* Release */,
			);
			defaultConfigurationIsVisible = 0;
			defaultConfigurationName = Release;
		};
		718C07E517FA58F000511C87 /* Build configuration list for PBXAggregateTarget "UniversalLib" */ = {
			isa = XCConfigurationList;
			buildConfigurations = (
				718C07E617FA58F000511C87 /* Debug */,
				718C07E717FA58F000511C87 /* Release */,
			);
			defaultConfigurationIsVisible = 0;
			defaultConfigurationName = Release;
		};
/* End XCConfigurationList section */
	};
	rootObject = 7145F68917F7767900B32A04 /* Project object */;
}
